
Microsoft Visual Studio Solution File, Format Version 12.00
Project("{FAE04EC0-301F-11D3-BF4B-00C04F79EFBC}") = "ConsoleApp2345234", "ConsoleApp2345234\ConsoleApp2345234.csproj", "{90561262-76B5-4DCF-8CD2-E99F4D3CF88E}"
EndProject
Global
	GlobalSection(SolutionConfigurationPlatforms) = preSolution
		Debug|Any CPU = Debug|Any CPU
		Release|Any CPU = Release|Any CPU
	EndGlobalSection
	GlobalSection(ProjectConfigurationPlatforms) = postSolution
		{90561262-76B5-4DCF-8CD2-E99F4D3CF88E}.Debug|Any CPU.ActiveCfg = Debug|Any CPU
		{90561262-76B5-4DCF-8CD2-E99F4D3CF88E}.Debug|Any CPU.Build.0 = Debug|Any CPU
		{90561262-76B5-4DCF-8CD2-E99F4D3CF88E}.Release|Any CPU.ActiveCfg = Release|Any CPU
		{90561262-76B5-4DCF-8CD2-E99F4D3CF88E}.Release|Any CPU.Build.0 = Release|Any CPU
	EndGlobalSection
EndGlobal
